// !$*UTF8*$!
{
	archiveVersion = 1;
	classes = {
	};
	objectVersion = 56;
	objects = {

/* Begin PBXBuildFile section */
		4621A0B12BAFF14500A1E4FA /* RecorderButton.swift in Sources */ = {isa = PBXBuildFile; fileRef = 4621A0B02BAFF14500A1E4FA /* RecorderButton.swift */; };
		465FB90F2BA9E5EC0093A2BF /* SummaryAIApp.swift in Sources */ = {isa = PBXBuildFile; fileRef = 465FB90E2BA9E5EC0093A2BF /* SummaryAIApp.swift */; };
		465FB9112BA9E5EC0093A2BF /* TranscriptView.swift in Sources */ = {isa = PBXBuildFile; fileRef = 465FB9102BA9E5EC0093A2BF /* TranscriptView.swift */; };
		465FB9132BA9E5ED0093A2BF /* Assets.xcassets in Resources */ = {isa = PBXBuildFile; fileRef = 465FB9122BA9E5ED0093A2BF /* Assets.xcassets */; };
		465FB9162BA9E5ED0093A2BF /* Preview Assets.xcassets in Resources */ = {isa = PBXBuildFile; fileRef = 465FB9152BA9E5ED0093A2BF /* Preview Assets.xcassets */; };
		465FB91E2BA9E6990093A2BF /* AudioRecord.swift in Sources */ = {isa = PBXBuildFile; fileRef = 465FB91D2BA9E6990093A2BF /* AudioRecord.swift */; };
		465FB9212BAAC7DC0093A2BF /* AudioRecorder.swift in Sources */ = {isa = PBXBuildFile; fileRef = 465FB9202BAAC7DC0093A2BF /* AudioRecorder.swift */; };
		46D9B40B2BB5B78700AF9945 /* TranscriptStore.swift in Sources */ = {isa = PBXBuildFile; fileRef = 46D9B40A2BB5B78700AF9945 /* TranscriptStore.swift */; };
		46D9B4112BB6A21600AF9945 /* ErrorWrapper.swift in Sources */ = {isa = PBXBuildFile; fileRef = 46D9B4102BB6A21600AF9945 /* ErrorWrapper.swift */; };
		46D9B4132BB6A22F00AF9945 /* ErrorView.swift in Sources */ = {isa = PBXBuildFile; fileRef = 46D9B4122BB6A22F00AF9945 /* ErrorView.swift */; };
		46D9B4152BB6CF9F00AF9945 /* DetailView.swift in Sources */ = {isa = PBXBuildFile; fileRef = 46D9B4142BB6CF9F00AF9945 /* DetailView.swift */; };
		46D9B4172BB85A1E00AF9945 /* RecorderTimer.swift in Sources */ = {isa = PBXBuildFile; fileRef = 46D9B4162BB85A1E00AF9945 /* RecorderTimer.swift */; };
		46DB260D2BB3BA6500205E2F /* SpeechRecognizer.swift in Sources */ = {isa = PBXBuildFile; fileRef = 46DB260C2BB3BA6500205E2F /* SpeechRecognizer.swift */; };
/* End PBXBuildFile section */

/* Begin PBXFileReference section */
		4621A0B02BAFF14500A1E4FA /* RecorderButton.swift */ = {isa = PBXFileReference; lastKnownFileType = sourcecode.swift; path = RecorderButton.swift; sourceTree = "<group>"; };
		465FB90B2BA9E5EC0093A2BF /* SummaryAI.app */ = {isa = PBXFileReference; explicitFileType = wrapper.application; includeInIndex = 0; path = SummaryAI.app; sourceTree = BUILT_PRODUCTS_DIR; };
		465FB90E2BA9E5EC0093A2BF /* SummaryAIApp.swift */ = {isa = PBXFileReference; lastKnownFileType = sourcecode.swift; path = SummaryAIApp.swift; sourceTree = "<group>"; };
		465FB9102BA9E5EC0093A2BF /* TranscriptView.swift */ = {isa = PBXFileReference; lastKnownFileType = sourcecode.swift; path = TranscriptView.swift; sourceTree = "<group>"; };
		465FB9122BA9E5ED0093A2BF /* Assets.xcassets */ = {isa = PBXFileReference; lastKnownFileType = folder.assetcatalog; path = Assets.xcassets; sourceTree = "<group>"; };
		465FB9152BA9E5ED0093A2BF /* Preview Assets.xcassets */ = {isa = PBXFileReference; lastKnownFileType = folder.assetcatalog; path = "Preview Assets.xcassets"; sourceTree = "<group>"; };
		465FB91D2BA9E6990093A2BF /* AudioRecord.swift */ = {isa = PBXFileReference; lastKnownFileType = sourcecode.swift; path = AudioRecord.swift; sourceTree = "<group>"; };
		465FB9202BAAC7DC0093A2BF /* AudioRecorder.swift */ = {isa = PBXFileReference; lastKnownFileType = sourcecode.swift; path = AudioRecorder.swift; sourceTree = "<group>"; };
		46D9B40A2BB5B78700AF9945 /* TranscriptStore.swift */ = {isa = PBXFileReference; lastKnownFileType = sourcecode.swift; path = TranscriptStore.swift; sourceTree = "<group>"; };
		46D9B4102BB6A21600AF9945 /* ErrorWrapper.swift */ = {isa = PBXFileReference; lastKnownFileType = sourcecode.swift; path = ErrorWrapper.swift; sourceTree = "<group>"; };
		46D9B4122BB6A22F00AF9945 /* ErrorView.swift */ = {isa = PBXFileReference; lastKnownFileType = sourcecode.swift; path = ErrorView.swift; sourceTree = "<group>"; };
		46D9B4142BB6CF9F00AF9945 /* DetailView.swift */ = {isa = PBXFileReference; lastKnownFileType = sourcecode.swift; path = DetailView.swift; sourceTree = "<group>"; };
		46D9B4162BB85A1E00AF9945 /* RecorderTimer.swift */ = {isa = PBXFileReference; lastKnownFileType = sourcecode.swift; path = RecorderTimer.swift; sourceTree = "<group>"; };
		46DB260C2BB3BA6500205E2F /* SpeechRecognizer.swift */ = {isa = PBXFileReference; lastKnownFileType = sourcecode.swift; path = SpeechRecognizer.swift; sourceTree = "<group>"; };
/* End PBXFileReference section */

/* Begin PBXFrameworksBuildPhase section */
		465FB9082BA9E5EC0093A2BF /* Frameworks */ = {
			isa = PBXFrameworksBuildPhase;
			buildActionMask = 2147483647;
			files = (
			);
			runOnlyForDeploymentPostprocessing = 0;
		};
/* End PBXFrameworksBuildPhase section */

/* Begin PBXGroup section */
		465FB9022BA9E5EC0093A2BF = {
			isa = PBXGroup;
			children = (
				465FB90D2BA9E5EC0093A2BF /* SummaryAI */,
				465FB90C2BA9E5EC0093A2BF /* Products */,
			);
			sourceTree = "<group>";
		};
		465FB90C2BA9E5EC0093A2BF /* Products */ = {
			isa = PBXGroup;
			children = (
				465FB90B2BA9E5EC0093A2BF /* SummaryAI.app */,
			);
			name = Products;
			sourceTree = "<group>";
		};
		465FB90D2BA9E5EC0093A2BF /* SummaryAI */ = {
			isa = PBXGroup;
			children = (
				46D9B4072BB55FF500AF9945 /* Views */,
				465FB91C2BA9E6570093A2BF /* Models */,
				465FB90E2BA9E5EC0093A2BF /* SummaryAIApp.swift */,
				465FB9102BA9E5EC0093A2BF /* TranscriptView.swift */,
				465FB9122BA9E5ED0093A2BF /* Assets.xcassets */,
				465FB9142BA9E5ED0093A2BF /* Preview Content */,
			);
			path = SummaryAI;
			sourceTree = "<group>";
		};
		465FB9142BA9E5ED0093A2BF /* Preview Content */ = {
			isa = PBXGroup;
			children = (
				465FB9152BA9E5ED0093A2BF /* Preview Assets.xcassets */,
			);
			path = "Preview Content";
			sourceTree = "<group>";
		};
		465FB91C2BA9E6570093A2BF /* Models */ = {
			isa = PBXGroup;
			children = (
				465FB9202BAAC7DC0093A2BF /* AudioRecorder.swift */,
				465FB91D2BA9E6990093A2BF /* AudioRecord.swift */,
				46DB260C2BB3BA6500205E2F /* SpeechRecognizer.swift */,
				46D9B40A2BB5B78700AF9945 /* TranscriptStore.swift */,
				46D9B4102BB6A21600AF9945 /* ErrorWrapper.swift */,
				46D9B4162BB85A1E00AF9945 /* RecorderTimer.swift */,
			);
			path = Models;
			sourceTree = "<group>";
		};
		46D9B4072BB55FF500AF9945 /* Views */ = {
			isa = PBXGroup;
			children = (
				4621A0B02BAFF14500A1E4FA /* RecorderButton.swift */,
				46D9B4122BB6A22F00AF9945 /* ErrorView.swift */,
				46D9B4142BB6CF9F00AF9945 /* DetailView.swift */,
			);
			path = Views;
			sourceTree = "<group>";
		};
/* End PBXGroup section */

/* Begin PBXNativeTarget section */
		465FB90A2BA9E5EC0093A2BF /* SummaryAI */ = {
			isa = PBXNativeTarget;
			buildConfigurationList = 465FB9192BA9E5ED0093A2BF /* Build configuration list for PBXNativeTarget "SummaryAI" */;
			buildPhases = (
				465FB9072BA9E5EC0093A2BF /* Sources */,
				465FB9082BA9E5EC0093A2BF /* Frameworks */,
				465FB9092BA9E5EC0093A2BF /* Resources */,
			);
			buildRules = (
			);
			dependencies = (
			);
			name = SummaryAI;
			productName = SummaryAI;
			productReference = 465FB90B2BA9E5EC0093A2BF /* SummaryAI.app */;
			productType = "com.apple.product-type.application";
		};
/* End PBXNativeTarget section */

/* Begin PBXProject section */
		465FB9032BA9E5EC0093A2BF /* Project object */ = {
			isa = PBXProject;
			attributes = {
				BuildIndependentTargetsInParallel = 1;
				LastSwiftUpdateCheck = 1530;
				LastUpgradeCheck = 1530;
				TargetAttributes = {
					465FB90A2BA9E5EC0093A2BF = {
						CreatedOnToolsVersion = 15.3;
					};
				};
			};
			buildConfigurationList = 465FB9062BA9E5EC0093A2BF /* Build configuration list for PBXProject "SummaryAI" */;
			compatibilityVersion = "Xcode 14.0";
			developmentRegion = en;
			hasScannedForEncodings = 0;
			knownRegions = (
				en,
				Base,
			);
			mainGroup = 465FB9022BA9E5EC0093A2BF;
			productRefGroup = 465FB90C2BA9E5EC0093A2BF /* Products */;
			projectDirPath = "";
			projectRoot = "";
			targets = (
				465FB90A2BA9E5EC0093A2BF /* SummaryAI */,
			);
		};
/* End PBXProject section */

/* Begin PBXResourcesBuildPhase section */
		465FB9092BA9E5EC0093A2BF /* Resources */ = {
			isa = PBXResourcesBuildPhase;
			buildActionMask = 2147483647;
			files = (
				465FB9162BA9E5ED0093A2BF /* Preview Assets.xcassets in Resources */,
				465FB9132BA9E5ED0093A2BF /* Assets.xcassets in Resources */,
			);
			runOnlyForDeploymentPostprocessing = 0;
		};
/* End PBXResourcesBuildPhase section */

/* Begin PBXSourcesBuildPhase section */
		465FB9072BA9E5EC0093A2BF /* Sources */ = {
			isa = PBXSourcesBuildPhase;
			buildActionMask = 2147483647;
			files = (
				46D9B4112BB6A21600AF9945 /* ErrorWrapper.swift in Sources */,
				46DB260D2BB3BA6500205E2F /* SpeechRecognizer.swift in Sources */,
				465FB9112BA9E5EC0093A2BF /* TranscriptView.swift in Sources */,
				46D9B4172BB85A1E00AF9945 /* RecorderTimer.swift in Sources */,
				46D9B4152BB6CF9F00AF9945 /* DetailView.swift in Sources */,
				4621A0B12BAFF14500A1E4FA /* RecorderButton.swift in Sources */,
				465FB91E2BA9E6990093A2BF /* AudioRecord.swift in Sources */,
				46D9B40B2BB5B78700AF9945 /* TranscriptStore.swift in Sources */,
				465FB9212BAAC7DC0093A2BF /* AudioRecorder.swift in Sources */,
				46D9B4132BB6A22F00AF9945 /* ErrorView.swift in Sources */,
				465FB90F2BA9E5EC0093A2BF /* SummaryAIApp.swift in Sources */,
			);
			runOnlyForDeploymentPostprocessing = 0;
		};
/* End PBXSourcesBuildPhase section */

/* Begin XCBuildConfiguration section */
		465FB9172BA9E5ED0093A2BF /* Debug */ = {
			isa = XCBuildConfiguration;
			buildSettings = {
				ALWAYS_SEARCH_USER_PATHS = NO;
				ASSETCATALOG_COMPILER_GENERATE_SWIFT_ASSET_SYMBOL_EXTENSIONS = YES;
				CLANG_ANALYZER_NONNULL = YES;
				CLANG_ANALYZER_NUMBER_OBJECT_CONVERSION = YES_AGGRESSIVE;
				CLANG_CXX_LANGUAGE_STANDARD = "gnu++20";
				CLANG_ENABLE_MODULES = YES;
				CLANG_ENABLE_OBJC_ARC = YES;
				CLANG_ENABLE_OBJC_WEAK = YES;
				CLANG_WARN_BLOCK_CAPTURE_AUTORELEASING = YES;
				CLANG_WARN_BOOL_CONVERSION = YES;
				CLANG_WARN_COMMA = YES;
				CLANG_WARN_CONSTANT_CONVERSION = YES;
				CLANG_WARN_DEPRECATED_OBJC_IMPLEMENTATIONS = YES;
				CLANG_WARN_DIRECT_OBJC_ISA_USAGE = YES_ERROR;
				CLANG_WARN_DOCUMENTATION_COMMENTS = YES;
				CLANG_WARN_EMPTY_BODY = YES;
				CLANG_WARN_ENUM_CONVERSION = YES;
				CLANG_WARN_INFINITE_RECURSION = YES;
				CLANG_WARN_INT_CONVERSION = YES;
				CLANG_WARN_NON_LITERAL_NULL_CONVERSION = YES;
				CLANG_WARN_OBJC_IMPLICIT_RETAIN_SELF = YES;
				CLANG_WARN_OBJC_LITERAL_CONVERSION = YES;
				CLANG_WARN_OBJC_ROOT_CLASS = YES_ERROR;
				CLANG_WARN_QUOTED_INCLUDE_IN_FRAMEWORK_HEADER = YES;
				CLANG_WARN_RANGE_LOOP_ANALYSIS = YES;
				CLANG_WARN_STRICT_PROTOTYPES = YES;
				CLANG_WARN_SUSPICIOUS_MOVE = YES;
				CLANG_WARN_UNGUARDED_AVAILABILITY = YES_AGGRESSIVE;
				CLANG_WARN_UNREACHABLE_CODE = YES;
				CLANG_WARN__DUPLICATE_METHOD_MATCH = YES;
				COPY_PHASE_STRIP = NO;
				DEBUG_INFORMATION_FORMAT = dwarf;
				ENABLE_STRICT_OBJC_MSGSEND = YES;
				ENABLE_TESTABILITY = YES;
				ENABLE_USER_SCRIPT_SANDBOXING = YES;
				GCC_C_LANGUAGE_STANDARD = gnu17;
				GCC_DYNAMIC_NO_PIC = NO;
				GCC_NO_COMMON_BLOCKS = YES;
				GCC_OPTIMIZATION_LEVEL = 0;
				GCC_PREPROCESSOR_DEFINITIONS = (
					"DEBUG=1",
					"$(inherited)",
				);
				GCC_WARN_64_TO_32_BIT_CONVERSION = YES;
				GCC_WARN_ABOUT_RETURN_TYPE = YES_ERROR;
				GCC_WARN_UNDECLARED_SELECTOR = YES;
				GCC_WARN_UNINITIALIZED_AUTOS = YES_AGGRESSIVE;
				GCC_WARN_UNUSED_FUNCTION = YES;
				GCC_WARN_UNUSED_VARIABLE = YES;
				IPHONEOS_DEPLOYMENT_TARGET = 15.0;
				LOCALIZATION_PREFERS_STRING_CATALOGS = YES;
				MTL_ENABLE_DEBUG_INFO = INCLUDE_SOURCE;
				MTL_FAST_MATH = YES;
				ONLY_ACTIVE_ARCH = YES;
				SDKROOT = iphoneos;
				SWIFT_ACTIVE_COMPILATION_CONDITIONS = "DEBUG $(inherited)";
				SWIFT_OPTIMIZATION_LEVEL = "-Onone";
			};
			name = Debug;
		};
		465FB9182BA9E5ED0093A2BF /* Release */ = {
			isa = XCBuildConfiguration;
			buildSettings = {
				ALWAYS_SEARCH_USER_PATHS = NO;
				ASSETCATALOG_COMPILER_GENERATE_SWIFT_ASSET_SYMBOL_EXTENSIONS = YES;
				CLANG_ANALYZER_NONNULL = YES;
				CLANG_ANALYZER_NUMBER_OBJECT_CONVERSION = YES_AGGRESSIVE;
				CLANG_CXX_LANGUAGE_STANDARD = "gnu++20";
				CLANG_ENABLE_MODULES = YES;
				CLANG_ENABLE_OBJC_ARC = YES;
				CLANG_ENABLE_OBJC_WEAK = YES;
				CLANG_WARN_BLOCK_CAPTURE_AUTORELEASING = YES;
				CLANG_WARN_BOOL_CONVERSION = YES;
				CLANG_WARN_COMMA = YES;
				CLANG_WARN_CONSTANT_CONVERSION = YES;
				CLANG_WARN_DEPRECATED_OBJC_IMPLEMENTATIONS = YES;
				CLANG_WARN_DIRECT_OBJC_ISA_USAGE = YES_ERROR;
				CLANG_WARN_DOCUMENTATION_COMMENTS = YES;
				CLANG_WARN_EMPTY_BODY = YES;
				CLANG_WARN_ENUM_CONVERSION = YES;
				CLANG_WARN_INFINITE_RECURSION = YES;
				CLANG_WARN_INT_CONVERSION = YES;
				CLANG_WARN_NON_LITERAL_NULL_CONVERSION = YES;
				CLANG_WARN_OBJC_IMPLICIT_RETAIN_SELF = YES;
				CLANG_WARN_OBJC_LITERAL_CONVERSION = YES;
				CLANG_WARN_OBJC_ROOT_CLASS = YES_ERROR;
				CLANG_WARN_QUOTED_INCLUDE_IN_FRAMEWORK_HEADER = YES;
				CLANG_WARN_RANGE_LOOP_ANALYSIS = YES;
				CLANG_WARN_STRICT_PROTOTYPES = YES;
				CLANG_WARN_SUSPICIOUS_MOVE = YES;
				CLANG_WARN_UNGUARDED_AVAILABILITY = YES_AGGRESSIVE;
				CLANG_WARN_UNREACHABLE_CODE = YES;
				CLANG_WARN__DUPLICATE_METHOD_MATCH = YES;
				COPY_PHASE_STRIP = NO;
				DEBUG_INFORMATION_FORMAT = "dwarf-with-dsym";
				ENABLE_NS_ASSERTIONS = NO;
				ENABLE_STRICT_OBJC_MSGSEND = YES;
				ENABLE_USER_SCRIPT_SANDBOXING = YES;
				GCC_C_LANGUAGE_STANDARD = gnu17;
				GCC_NO_COMMON_BLOCKS = YES;
				GCC_WARN_64_TO_32_BIT_CONVERSION = YES;
				GCC_WARN_ABOUT_RETURN_TYPE = YES_ERROR;
				GCC_WARN_UNDECLARED_SELECTOR = YES;
				GCC_WARN_UNINITIALIZED_AUTOS = YES_AGGRESSIVE;
				GCC_WARN_UNUSED_FUNCTION = YES;
				GCC_WARN_UNUSED_VARIABLE = YES;
				IPHONEOS_DEPLOYMENT_TARGET = 15.0;
				LOCALIZATION_PREFERS_STRING_CATALOGS = YES;
				MTL_ENABLE_DEBUG_INFO = NO;
				MTL_FAST_MATH = YES;
				SDKROOT = iphoneos;
				SWIFT_COMPILATION_MODE = wholemodule;
				VALIDATE_PRODUCT = YES;
			};
			name = Release;
		};
		465FB91A2BA9E5ED0093A2BF /* Debug */ = {
			isa = XCBuildConfiguration;
			buildSettings = {
				ASSETCATALOG_COMPILER_APPICON_NAME = AppIcon;
				ASSETCATALOG_COMPILER_GLOBAL_ACCENT_COLOR_NAME = AccentColor;
				CODE_SIGN_STYLE = Automatic;
				CURRENT_PROJECT_VERSION = 1;
				DEVELOPMENT_ASSET_PATHS = "\"SummaryAI/Preview Content\"";
				DEVELOPMENT_TEAM = 96LBXG78A7;
				ENABLE_PREVIEWS = YES;
				GENERATE_INFOPLIST_FILE = YES;
				INFOPLIST_KEY_NSMicrophoneUsageDescription = "Allow audio recording";
				INFOPLIST_KEY_NSSpeechRecognitionUsageDescription = "Transcibe user speech";
				INFOPLIST_KEY_UIApplicationSceneManifest_Generation = YES;
				INFOPLIST_KEY_UIApplicationSupportsIndirectInputEvents = YES;
				INFOPLIST_KEY_UILaunchScreen_Generation = YES;
				INFOPLIST_KEY_UISupportedInterfaceOrientations_iPad = "UIInterfaceOrientationPortrait UIInterfaceOrientationPortraitUpsideDown UIInterfaceOrientationLandscapeLeft UIInterfaceOrientationLandscapeRight";
				INFOPLIST_KEY_UISupportedInterfaceOrientations_iPhone = "UIInterfaceOrientationPortrait UIInterfaceOrientationLandscapeLeft UIInterfaceOrientationLandscapeRight";
				IPHONEOS_DEPLOYMENT_TARGET = 17.0;
				LD_RUNPATH_SEARCH_PATHS = (
					"$(inherited)",
					"@executable_path/Frameworks",
				);
				MARKETING_VERSION = 1.0;
				PRODUCT_BUNDLE_IDENTIFIER = ZAC.SummaryAI;
				PRODUCT_NAME = "$(TARGET_NAME)";
				SWIFT_EMIT_LOC_STRINGS = YES;
				SWIFT_VERSION = 5.0;
				TARGETED_DEVICE_FAMILY = "1,2";
			};
			name = Debug;
		};
		465FB91B2BA9E5ED0093A2BF /* Release */ = {
			isa = XCBuildConfiguration;
			buildSettings = {
				ASSETCATALOG_COMPILER_APPICON_NAME = AppIcon;
				ASSETCATALOG_COMPILER_GLOBAL_ACCENT_COLOR_NAME = AccentColor;
				CODE_SIGN_STYLE = Automatic;
				CURRENT_PROJECT_VERSION = 1;
				DEVELOPMENT_ASSET_PATHS = "\"SummaryAI/Preview Content\"";
				DEVELOPMENT_TEAM = 96LBXG78A7;
				ENABLE_PREVIEWS = YES;
				GENERATE_INFOPLIST_FILE = YES;
				INFOPLIST_KEY_NSMicrophoneUsageDescription = "Allow audio recording";
				INFOPLIST_KEY_NSSpeechRecognitionUsageDescription = "Transcibe user speech";
				INFOPLIST_KEY_UIApplicationSceneManifest_Generation = YES;
				INFOPLIST_KEY_UIApplicationSupportsIndirectInputEvents = YES;
				INFOPLIST_KEY_UILaunchScreen_Generation = YES;
				INFOPLIST_KEY_UISupportedInterfaceOrientations_iPad = "UIInterfaceOrientationPortrait UIInterfaceOrientationPortraitUpsideDown UIInterfaceOrientationLandscapeLeft UIInterfaceOrientationLandscapeRight";
				INFOPLIST_KEY_UISupportedInterfaceOrientations_iPhone = "UIInterfaceOrientationPortrait UIInterfaceOrientationLandscapeLeft UIInterfaceOrientationLandscapeRight";
				IPHONEOS_DEPLOYMENT_TARGET = 17.0;
				LD_RUNPATH_SEARCH_PATHS = (
					"$(inherited)",
					"@executable_path/Frameworks",
				);
				MARKETING_VERSION = 1.0;
				PRODUCT_BUNDLE_IDENTIFIER = ZAC.SummaryAI;
				PRODUCT_NAME = "$(TARGET_NAME)";
				SWIFT_EMIT_LOC_STRINGS = YES;
				SWIFT_VERSION = 5.0;
				TARGETED_DEVICE_FAMILY = "1,2";
			};
			name = Release;
		};
/* End XCBuildConfiguration section */

/* Begin XCConfigurationList section */
		465FB9062BA9E5EC0093A2BF /* Build configuration list for PBXProject "SummaryAI" */ = {
			isa = XCConfigurationList;
			buildConfigurations = (
				465FB9172BA9E5ED0093A2BF /* Debug */,
				465FB9182BA9E5ED0093A2BF /* Release */,
			);
			defaultConfigurationIsVisible = 0;
			defaultConfigurationName = Release;
		};
		465FB9192BA9E5ED0093A2BF /* Build configuration list for PBXNativeTarget "SummaryAI" */ = {
			isa = XCConfigurationList;
			buildConfigurations = (
				465FB91A2BA9E5ED0093A2BF /* Debug */,
				465FB91B2BA9E5ED0093A2BF /* Release */,
			);
			defaultConfigurationIsVisible = 0;
			defaultConfigurationName = Release;
		};
/* End XCConfigurationList section */
	};
	rootObject = 465FB9032BA9E5EC0093A2BF /* Project object */;
}
